
Microsoft Visual Studio Solution File, Format Version 12.00
# Visual Studio Version 16
VisualStudioVersion = 16.0.31205.134
MinimumVisualStudioVersion = 10.0.40219.1
Project("{FAE04EC0-301F-11D3-BF4B-00C04F79EFBC}") = "DrinkWater", "DrinkWater\DrinkWater.csproj", "{150C1AFF-463A-4C8A-910C-AB1CB6783AB7}"
EndProject
Project("{FAE04EC0-301F-11D3-BF4B-00C04F79EFBC}") = "BackgroundTask", "BackgroundTask\BackgroundTask.csproj", "{49E2CF23-5165-4F7D-A6F6-67453C4E4DE6}"
EndProject
Project("{FAE04EC0-301F-11D3-BF4B-00C04F79EFBC}") = "SharedClass", "SharedClass\SharedClass.csproj", "{34D4503B-E3B9-4AE0-8E7F-EEBDBDEA40D9}"
EndProject
Global
	GlobalSection(SolutionConfigurationPlatforms) = preSolution
		Debug|Any CPU = Debug|Any CPU
		Debug|ARM = Debug|ARM
		Debug|ARM64 = Debug|ARM64
		Debug|x64 = Debug|x64
		Debug|x86 = Debug|x86
		Release|Any CPU = Release|Any CPU
		Release|ARM = Release|ARM
		Release|ARM64 = Release|ARM64
		Release|x64 = Release|x64
		Release|x86 = Release|x86
	EndGlobalSection
	GlobalSection(ProjectConfigurationPlatforms) = postSolution
		{150C1AFF-463A-4C8A-910C-AB1CB6783AB7}.Debug|Any CPU.ActiveCfg = Debug|x86
		{150C1AFF-463A-4C8A-910C-AB1CB6783AB7}.Debug|ARM.ActiveCfg = Debug|ARM
		{150C1AFF-463A-4C8A-910C-AB1CB6783AB7}.Debug|ARM.Build.0 = Debug|ARM
		{150C1AFF-463A-4C8A-910C-AB1CB6783AB7}.Debug|ARM.Deploy.0 = Debug|ARM
		{150C1AFF-463A-4C8A-910C-AB1CB6783AB7}.Debug|ARM64.ActiveCfg = Debug|ARM64
		{150C1AFF-463A-4C8A-910C-AB1CB6783AB7}.Debug|ARM64.Build.0 = Debug|ARM64
		{150C1AFF-463A-4C8A-910C-AB1CB6783AB7}.Debug|ARM64.Deploy.0 = Debug|ARM64
		{150C1AFF-463A-4C8A-910C-AB1CB6783AB7}.Debug|x64.ActiveCfg = Debug|x64
		{150C1AFF-463A-4C8A-910C-AB1CB6783AB7}.Debug|x64.Build.0 = Debug|x64
		{150C1AFF-463A-4C8A-910C-AB1CB6783AB7}.Debug|x64.Deploy.0 = Debug|x64
		{150C1AFF-463A-4C8A-910C-AB1CB6783AB7}.Debug|x86.ActiveCfg = Debug|x86
		{150C1AFF-463A-4C8A-910C-AB1CB6783AB7}.Debug|x86.Build.0 = Debug|x86
		{150C1AFF-463A-4C8A-910C-AB1CB6783AB7}.Debug|x86.Deploy.0 = Debug|x86
		{150C1AFF-463A-4C8A-910C-AB1CB6783AB7}.Release|Any CPU.ActiveCfg = Release|x86
		{150C1AFF-463A-4C8A-910C-AB1CB6783AB7}.Release|ARM.ActiveCfg = Release|ARM
		{150C1AFF-463A-4C8A-910C-AB1CB6783AB7}.Release|ARM.Build.0 = Release|ARM
		{150C1AFF-463A-4C8A-910C-AB1CB6783AB7}.Release|ARM.Deploy.0 = Release|ARM
		{150C1AFF-463A-4C8A-910C-AB1CB6783AB7}.Release|ARM64.ActiveCfg = Release|ARM64
		{150C1AFF-463A-4C8A-910C-AB1CB6783AB7}.Release|ARM64.Build.0 = Release|ARM64
		{150C1AFF-463A-4C8A-910C-AB1CB6783AB7}.Release|ARM64.Deploy.0 = Release|ARM64
		{150C1AFF-463A-4C8A-910C-AB1CB6783AB7}.Release|x64.ActiveCfg = Release|x64
		{150C1AFF-463A-4C8A-910C-AB1CB6783AB7}.Release|x64.Build.0 = Release|x64
		{150C1AFF-463A-4C8A-910C-AB1CB6783AB7}.Release|x64.Deploy.0 = Release|x64
		{150C1AFF-463A-4C8A-910C-AB1CB6783AB7}.Release|x86.ActiveCfg = Release|x86
		{150C1AFF-463A-4C8A-910C-AB1CB6783AB7}.Release|x86.Build.0 = Release|x86
		{150C1AFF-463A-4C8A-910C-AB1CB6783AB7}.Release|x86.Deploy.0 = Release|x86
		{49E2CF23-5165-4F7D-A6F6-67453C4E4DE6}.Debug|Any CPU.ActiveCfg = Debug|Any CPU
		{49E2CF23-5165-4F7D-A6F6-67453C4E4DE6}.Debug|Any CPU.Build.0 = Debug|Any CPU
		{49E2CF23-5165-4F7D-A6F6-67453C4E4DE6}.Debug|ARM.ActiveCfg = Debug|ARM
		{49E2CF23-5165-4F7D-A6F6-67453C4E4DE6}.Debug|ARM.Build.0 = Debug|ARM
		{49E2CF23-5165-4F7D-A6F6-67453C4E4DE6}.Debug|ARM64.ActiveCfg = Debug|ARM64
		{49E2CF23-5165-4F7D-A6F6-67453C4E4DE6}.Debug|ARM64.Build.0 = Debug|ARM64
		{49E2CF23-5165-4F7D-A6F6-67453C4E4DE6}.Debug|x64.ActiveCfg = Debug|x64
		{49E2CF23-5165-4F7D-A6F6-67453C4E4DE6}.Debug|x64.Build.0 = Debug|x64
		{49E2CF23-5165-4F7D-A6F6-67453C4E4DE6}.Debug|x86.ActiveCfg = Debug|x86
		{49E2CF23-5165-4F7D-A6F6-67453C4E4DE6}.Debug|x86.Build.0 = Debug|x86
		{49E2CF23-5165-4F7D-A6F6-67453C4E4DE6}.Release|Any CPU.ActiveCfg = Release|Any CPU
		{49E2CF23-5165-4F7D-A6F6-67453C4E4DE6}.Release|Any CPU.Build.0 = Release|Any CPU
		{49E2CF23-5165-4F7D-A6F6-67453C4E4DE6}.Release|ARM.ActiveCfg = Release|ARM
		{49E2CF23-5165-4F7D-A6F6-67453C4E4DE6}.Release|ARM.Build.0 = Release|ARM
		{49E2CF23-5165-4F7D-A6F6-67453C4E4DE6}.Release|ARM64.ActiveCfg = Release|ARM64
		{49E2CF23-5165-4F7D-A6F6-67453C4E4DE6}.Release|ARM64.Build.0 = Release|ARM64
		{49E2CF23-5165-4F7D-A6F6-67453C4E4DE6}.Release|x64.ActiveCfg = Release|x64
		{49E2CF23-5165-4F7D-A6F6-67453C4E4DE6}.Release|x64.Build.0 = Release|x64
		{49E2CF23-5165-4F7D-A6F6-67453C4E4DE6}.Release|x86.ActiveCfg = Release|x86
		{49E2CF23-5165-4F7D-A6F6-67453C4E4DE6}.Release|x86.Build.0 = Release|x86
		{34D4503B-E3B9-4AE0-8E7F-EEBDBDEA40D9}.Debug|Any CPU.ActiveCfg = Debug|Any CPU
		{34D4503B-E3B9-4AE0-8E7F-EEBDBDEA40D9}.Debug|Any CPU.Build.0 = Debug|Any CPU
		{34D4503B-E3B9-4AE0-8E7F-EEBDBDEA40D9}.Debug|ARM.ActiveCfg = Debug|ARM
		{34D4503B-E3B9-4AE0-8E7F-EEBDBDEA40D9}.Debug|ARM.Build.0 = Debug|ARM
		{34D4503B-E3B9-4AE0-8E7F-EEBDBDEA40D9}.Debug|ARM64.ActiveCfg = Debug|ARM64
		{34D4503B-E3B9-4AE0-8E7F-EEBDBDEA40D9}.Debug|ARM64.Build.0 = Debug|ARM64
		{34D4503B-E3B9-4AE0-8E7F-EEBDBDEA40D9}.Debug|x64.ActiveCfg = Debug|x64
		{34D4503B-E3B9-4AE0-8E7F-EEBDBDEA40D9}.Debug|x64.Build.0 = Debug|x64
		{34D4503B-E3B9-4AE0-8E7F-EEBDBDEA40D9}.Debug|x86.ActiveCfg = Debug|x86
		{34D4503B-E3B9-4AE0-8E7F-EEBDBDEA40D9}.Debug|x86.Build.0 = Debug|x86
		{34D4503B-E3B9-4AE0-8E7F-EEBDBDEA40D9}.Release|Any CPU.ActiveCfg = Release|Any CPU
		{34D4503B-E3B9-4AE0-8E7F-EEBDBDEA40D9}.Release|Any CPU.Build.0 = Release|Any CPU
		{34D4503B-E3B9-4AE0-8E7F-EEBDBDEA40D9}.Release|ARM.ActiveCfg = Release|ARM
		{34D4503B-E3B9-4AE0-8E7F-EEBDBDEA40D9}.Release|ARM.Build.0 = Release|ARM
		{34D4503B-E3B9-4AE0-8E7F-EEBDBDEA40D9}.Release|ARM64.ActiveCfg = Release|ARM64
		{34D4503B-E3B9-4AE0-8E7F-EEBDBDEA40D9}.Release|ARM64.Build.0 = Release|ARM64
		{34D4503B-E3B9-4AE0-8E7F-EEBDBDEA40D9}.Release|x64.ActiveCfg = Release|x64
		{34D4503B-E3B9-4AE0-8E7F-EEBDBDEA40D9}.Release|x64.Build.0 = Release|x64
		{34D4503B-E3B9-4AE0-8E7F-EEBDBDEA40D9}.Release|x86.ActiveCfg = Release|x86
		{34D4503B-E3B9-4AE0-8E7F-EEBDBDEA40D9}.Release|x86.Build.0 = Release|x86
	EndGlobalSection
	GlobalSection(SolutionProperties) = preSolution
		HideSolutionNode = FALSE
	EndGlobalSection
	GlobalSection(ExtensibilityGlobals) = postSolution
		SolutionGuid = {E9057AEA-22CE-4C89-AA15-4F3C02C1E1BF}
	EndGlobalSection
EndGlobal
